
Microsoft Visual Studio Solution File, Format Version 12.00
# Visual Studio Version 16
VisualStudioVersion = 16.0.29424.173
MinimumVisualStudioVersion = 10.0.40219.1
Project("{FAE04EC0-301F-11D3-BF4B-00C04F79EFBC}") = "MovieDBFirst_WinUi", "MovieDBFirst_WinUi\MovieDBFirst_WinUi.csproj", "{81FAEFAE-20DE-4215-856F-0169CD38368F}"
EndProject
Project("{FAE04EC0-301F-11D3-BF4B-00C04F79EFBC}") = "MovieDBFirst_DAL", "MovieDBFirst_DAL\MovieDBFirst_DAL.csproj", "{EC178979-4474-495F-A5F5-DF88EAE4FB2F}"
EndProject
Project("{FAE04EC0-301F-11D3-BF4B-00C04F79EFBC}") = "MovieDBFirst_BLL", "MovieDBFirst_BLL\MovieDBFirst_BLL.csproj", "{C2BEBB7A-2D7F-44D7-9902-8AB7234C6ADD}"
EndProject
Global
	GlobalSection(SolutionConfigurationPlatforms) = preSolution
		Debug|Any CPU = Debug|Any CPU
		Release|Any CPU = Release|Any CPU
	EndGlobalSection
	GlobalSection(ProjectConfigurationPlatforms) = postSolution
		{81FAEFAE-20DE-4215-856F-0169CD38368F}.Debug|Any CPU.ActiveCfg = Debug|Any CPU
		{81FAEFAE-20DE-4215-856F-0169CD38368F}.Debug|Any CPU.Build.0 = Debug|Any CPU
		{81FAEFAE-20DE-4215-856F-0169CD38368F}.Release|Any CPU.ActiveCfg = Release|Any CPU
		{81FAEFAE-20DE-4215-856F-0169CD38368F}.Release|Any CPU.Build.0 = Release|Any CPU
		{EC178979-4474-495F-A5F5-DF88EAE4FB2F}.Debug|Any CPU.ActiveCfg = Debug|Any CPU
		{EC178979-4474-495F-A5F5-DF88EAE4FB2F}.Debug|Any CPU.Build.0 = Debug|Any CPU
		{EC178979-4474-495F-A5F5-DF88EAE4FB2F}.Release|Any CPU.ActiveCfg = Release|Any CPU
		{EC178979-4474-495F-A5F5-DF88EAE4FB2F}.Release|Any CPU.Build.0 = Release|Any CPU
		{C2BEBB7A-2D7F-44D7-9902-8AB7234C6ADD}.Debug|Any CPU.ActiveCfg = Debug|Any CPU
		{C2BEBB7A-2D7F-44D7-9902-8AB7234C6ADD}.Debug|Any CPU.Build.0 = Debug|Any CPU
		{C2BEBB7A-2D7F-44D7-9902-8AB7234C6ADD}.Release|Any CPU.ActiveCfg = Release|Any CPU
		{C2BEBB7A-2D7F-44D7-9902-8AB7234C6ADD}.Release|Any CPU.Build.0 = Release|Any CPU
	EndGlobalSection
	GlobalSection(SolutionProperties) = preSolution
		HideSolutionNode = FALSE
	EndGlobalSection
	GlobalSection(ExtensibilityGlobals) = postSolution
		SolutionGuid = {FE2FA1EC-2789-4BCB-8E8B-195ADC91D5A4}
	EndGlobalSection
EndGlobal
